github.com/aws/aws-sdk-go-v2 v1.22.0 h1:CpTS3XO3MWNel8ohoazkLZC6scvkYL2k+m0yzFJ17Hg=
github.com/aws/aws-sdk-go-v2 v1.22.0/go.mod h1:Kd0OJtkW3Q0M0lUWGszapWjEvrXDzRW+D21JNsroB+c=
github.com/aws/aws-sdk-go-v2/internal/configsources v1.2.0 h1:tN6dNNE4SzMuyMnVtQJXGVKX177/d5Zy4MuA1HA4KUc=
github.com/aws/aws-sdk-go-v2/internal/configsources v1.2.0/go.mod h1:F6MXWETIeetAHwFHyoHEqrcB3NpijFv9nLP5h9CXtT0=
github.com/aws/aws-sdk-go-v2/internal/endpoints/v2 v2.5.0 h1:bfdsbTARDjaC/dSYGMO+E0psxFU4hTvCLnqYAfZ3D38=
github.com/aws/aws-sdk-go-v2/internal/endpoints/v2 v2.5.0/go.mod h1:Jg8XVv5M2V2wiAMvBFx+O59jg6Yr8vhP0bgNF/IuquM=
github.com/aws/aws-sdk-go-v2/service/dynamodb v1.24.0 h1:yw8n1tilUM0KFLv2x7ZRofjrY3LUNP4P2jGt3e+4RuE=
github.com/aws/aws-sdk-go-v2/service/dynamodb v1.24.0/go.mod h1:iLK/SHw2Op/YQS8IXbphhTRnDpm8Ip9Y2hTMGCaMT9I=
github.com/aws/aws-sdk-go-v2/service/internal/accept-encoding v1.10.0 h1:CJxo7ZBbaIzmXfV3hjcx36n9V87gJsIUPJflwqEHl3Q=
github.com/aws/aws-sdk-go-v2/service/internal/accept-encoding v1.10.0/go.mod h1:yjVfjuY4nD1EW9i387Kau+I6V5cBA5YnC/mWNopjZrI=
github.com/aws/aws-sdk-go-v2/service/internal/endpoint-discovery v1.8.0 h1:GTXi+WHoGCbZfyzklp16o7u1344qlJABeffqCW1Vfqc=
github.com/aws/aws-sdk-go-v2/service/internal/endpoint-discovery v1.8.0/go.mod h1:GFULOgOvcnbBB/8QcY+C5+z8cGM1lKF54azdTBG0K1E=
github.com/aws/smithy-go v1.16.0 h1:gJZEH/Fqh+RsvlJ1Zt4tVAtV6bKkp3cC+R6FCZMNzik=
github.com/aws/smithy-go v1.16.0/go.mod h1:NukqUGpCZIILqqiV0NIjeFh24kd/FAa4beRb6nbIUPE=
github.com/barweiss/go-tuple v1.1.2 h1:ul9tIW0LZ5w+Vk/Hi3X9z3JyqkD0yaVGZp+nNTLW2YE=
github.com/barweiss/go-tuple v1.1.2/go.mod h1:SpoVilkI7ycNrIkQxcQfS1JG5A+R40sWwEUlPONlp3k=
github.com/davecgh/go-spew v1.1.0/go.mod h1:J7Y8YcW2NihsgmVo/mv3lAwl/skON4iLHjSsI+c5H38=
github.com/davecgh/go-spew v1.1.1 h1:vj9j/u1bqnvCEfJOwUhtlOARqs3+rkHYY13jYWTU97c=
github.com/davecgh/go-spew v1.1.1/go.mod h1:J7Y8YcW2NihsgmVo/mv3lAwl/skON4iLHjSsI+c5H38=
github.com/j5ik2o/event-store-adapter-go v0.3.21 h1:OpVqtIYTQFxTteIoSUFvqw5i0oxoUglrRXzWu6n6dD0=
github.com/j5ik2o/event-store-adapter-go v0.3.21/go.mod h1:ZLkc3McdK9W+fa97Sb2r1UmDQzcEA9cH9114EpYfk30=
github.com/jmespath/go-jmespath v0.4.0 h1:BEgLn5cpjn8UN1mAw4NjwDrS35OdebyEtFe+9YPoQUg=
github.com/jmespath/go-jmespath v0.4.0/go.mod h1:T8mJZnbsbmF+m6zOOFylbeCJqk5+pHWvzYPziyZiYoo=
github.com/jmespath/go-jmespath/internal/testify v1.5.1/go.mod h1:L3OGu8Wl2/fWfCI6z80xFu9LTZmf1ZRjMHUOPmWr69U=
github.com/oklog/ulid/v2 v2.1.0 h1:+9lhoxAP56we25tyYETBBY1YLA2SaoLvUFgrP2miPJU=
github.com/oklog/ulid/v2 v2.1.0/go.mod h1:rcEKHmBBKfef9DhnvX7y1HZBYxjXb0cP5ExxNsTT1QQ=
github.com/pborman/getopt v0.0.0-20170112200414-7148bc3a4c30/go.mod h1:85jBQOZwpVEaDAr341tbn15RS4fCAsIst0qp7i8ex1o=
github.com/pmezard/go-difflib v1.0.0 h1:4DBwDE0NGyQoBHbLQYPwSUPoCMWR5BEzIk/f1lZbAQM=
github.com/pmezard/go-difflib v1.0.0/go.mod h1:iKH77koFhYxTK1pcRnkKkqfTogsbg7gZNVY4sRDYZ/4=
github.com/samber/mo v1.11.0 h1:ZOiSkrGGpNhVv/1dxP02risztdMTIwE8KSW9OG4k5bY=
github.com/samber/mo v1.11.0/go.mod h1:BfkrCPuYzVG3ZljnZB783WIJIGk1mcZr9c9CPf8tAxs=
github.com/stretchr/objx v0.1.0/go.mod h1:HFkY916IF+rwdDfMAkV7OtwuqBVzrE8GR6GFx+wExME=
github.com/stretchr/testify v1.8.4 h1:CcVxjf3Q8PM0mHUKJCdn+eZZtm5yQwehR5yeSVQQcUk=
github.com/stretchr/testify v1.8.4/go.mod h1:sz/lmYIOXD/1dqDmKjjqLyZ2RngseejIcXlSw2iwfAo=
golang.org/x/exp v0.0.0-20230510235704-dd950f8aeaea h1:vLCWI/yYrdEHyN2JzIzPO3aaQJHQdp89IZBA/+azVC4=
golang.org/x/exp v0.0.0-20230510235704-dd950f8aeaea/go.mod h1:V1LtkGg67GoY2N1AnLN78QLrzxkLyJw7RJb1gzOOz9w=
gopkg.in/check.v1 v0.0.0-20161208181325-20d25e280405/go.mod h1:Co6ibVJAznAaIkqp8huTwlJQCZ016jof/cbN4VW5Yz0=
gopkg.in/yaml.v2 v2.2.8/go.mod h1:hI93XBmqTisBFMUTm0b8Fm+jr3Dg1NNxqwp+5A1VGuI=
gopkg.in/yaml.v3 v3.0.1 h1:fxVm/GzAzEWqLHuvctI91KS9hhNmmWOoWu0XTYJS7CA=
gopkg.in/yaml.v3 v3.0.1/go.mod h1:K4uyk7z7BCEPqu6E+C64Yfv1cQ7kz7rIZviUmN+EgEM=
